
Microsoft Visual Studio Solution File, Format Version 12.00
# Visual Studio 14
VisualStudioVersion = 14.0.24720.0
MinimumVisualStudioVersion = 10.0.40219.1
Project("{FAE04EC0-301F-11D3-BF4B-00C04F79EFBC}") = "OOP_lab1", "OOP_lab1\OOP_lab1.csproj", "{12A26EB6-D537-46F3-A57D-66D069CC0CCD}"
EndProject
Global
	GlobalSection(SolutionConfigurationPlatforms) = preSolution
		Debug|Any CPU = Debug|Any CPU
		Release|Any CPU = Release|Any CPU
	EndGlobalSection
	GlobalSection(ProjectConfigurationPlatforms) = postSolution
		{12A26EB6-D537-46F3-A57D-66D069CC0CCD}.Debug|Any CPU.ActiveCfg = Debug|Any CPU
		{12A26EB6-D537-46F3-A57D-66D069CC0CCD}.Debug|Any CPU.Build.0 = Debug|Any CPU
		{12A26EB6-D537-46F3-A57D-66D069CC0CCD}.Release|Any CPU.ActiveCfg = Release|Any CPU
		{12A26EB6-D537-46F3-A57D-66D069CC0CCD}.Release|Any CPU.Build.0 = Release|Any CPU
	EndGlobalSection
	GlobalSection(SolutionProperties) = preSolution
		HideSolutionNode = FALSE
	EndGlobalSection
EndGlobal
